// !$*UTF8*$!
{
	archiveVersion = 1;
	classes = {
	};
	objectVersion = 56;
	objects = {

/* Begin PBXBuildFile section */
		5D2C6F0B2B7CE5DA00A80550 /* _75App.swift in Sources */ = {isa = PBXBuildFile; fileRef = 5D2C6F0A2B7CE5DA00A80550 /* _75App.swift */; };
		5D2C6F0D2B7CE5DA00A80550 /* ContentView.swift in Sources */ = {isa = PBXBuildFile; fileRef = 5D2C6F0C2B7CE5DA00A80550 /* ContentView.swift */; };
		5D2C6F0F2B7CE5DD00A80550 /* Assets.xcassets in Resources */ = {isa = PBXBuildFile; fileRef = 5D2C6F0E2B7CE5DD00A80550 /* Assets.xcassets */; };
		5D2C6F122B7CE5DD00A80550 /* Preview Assets.xcassets in Resources */ = {isa = PBXBuildFile; fileRef = 5D2C6F112B7CE5DD00A80550 /* Preview Assets.xcassets */; };
		5D2C6F1D2B7CF70A00A80550 /* Post.swift in Sources */ = {isa = PBXBuildFile; fileRef = 5D2C6F1C2B7CF70A00A80550 /* Post.swift */; };
		5D2C6F212B7CFAD400A80550 /* GoogleService-Info.plist in Resources */ = {isa = PBXBuildFile; fileRef = 5D2C6F202B7CFAD300A80550 /* GoogleService-Info.plist */; };
		5D2C6F242B7CFBA300A80550 /* FirebaseAnalytics in Frameworks */ = {isa = PBXBuildFile; productRef = 5D2C6F232B7CFBA300A80550 /* FirebaseAnalytics */; };
		5D2C6F262B7CFBA300A80550 /* FirebaseAnalyticsOnDeviceConversion in Frameworks */ = {isa = PBXBuildFile; productRef = 5D2C6F252B7CFBA300A80550 /* FirebaseAnalyticsOnDeviceConversion */; };
		5D2C6F282B7CFBA300A80550 /* FirebaseAnalyticsSwift in Frameworks */ = {isa = PBXBuildFile; productRef = 5D2C6F272B7CFBA300A80550 /* FirebaseAnalyticsSwift */; };
		5D2C6F2A2B7CFBA300A80550 /* FirebaseAnalyticsWithoutAdIdSupport in Frameworks */ = {isa = PBXBuildFile; productRef = 5D2C6F292B7CFBA300A80550 /* FirebaseAnalyticsWithoutAdIdSupport */; };
		5D2C6F2C2B7CFBA300A80550 /* FirebaseAppCheck in Frameworks */ = {isa = PBXBuildFile; productRef = 5D2C6F2B2B7CFBA300A80550 /* FirebaseAppCheck */; };
		5D2C6F2F2B7CFD7A00A80550 /* FirebaseFirestore in Frameworks */ = {isa = PBXBuildFile; productRef = 5D2C6F2E2B7CFD7A00A80550 /* FirebaseFirestore */; };
		5D2C6F312B7D038500A80550 /* FirebaseFirestoreSwift in Frameworks */ = {isa = PBXBuildFile; productRef = 5D2C6F302B7D038500A80550 /* FirebaseFirestoreSwift */; };
		5D2C6F332B7D181300A80550 /* NewPost.swift in Sources */ = {isa = PBXBuildFile; fileRef = 5D2C6F322B7D181300A80550 /* NewPost.swift */; };
		5D2C6F372B7E711700A80550 /* SignUpView in Sources */ = {isa = PBXBuildFile; fileRef = 5D2C6F362B7E711700A80550 /* SignUpView */; };
		5D2C6F392B7E727800A80550 /* FirebaseAuth in Frameworks */ = {isa = PBXBuildFile; productRef = 5D2C6F382B7E727800A80550 /* FirebaseAuth */; };
		5D2C6F3B2B7E73A900A80550 /* InputView.swift in Sources */ = {isa = PBXBuildFile; fileRef = 5D2C6F3A2B7E73A900A80550 /* InputView.swift */; };
		5D2C6F3D2B7E75FF00A80550 /* LoginView.swift in Sources */ = {isa = PBXBuildFile; fileRef = 5D2C6F3C2B7E75FF00A80550 /* LoginView.swift */; };
		5D2C6F3F2B7E7F4A00A80550 /* SignUpView.swift in Sources */ = {isa = PBXBuildFile; fileRef = 5D2C6F3E2B7E7F4A00A80550 /* SignUpView.swift */; };
/* End PBXBuildFile section */

/* Begin PBXFileReference section */
		5D2C6F072B7CE5DA00A80550 /* 575.app */ = {isa = PBXFileReference; explicitFileType = wrapper.application; includeInIndex = 0; path = 575.app; sourceTree = BUILT_PRODUCTS_DIR; };
		5D2C6F0A2B7CE5DA00A80550 /* _75App.swift */ = {isa = PBXFileReference; lastKnownFileType = sourcecode.swift; path = _75App.swift; sourceTree = "<group>"; };
		5D2C6F0C2B7CE5DA00A80550 /* ContentView.swift */ = {isa = PBXFileReference; lastKnownFileType = sourcecode.swift; path = ContentView.swift; sourceTree = "<group>"; };
		5D2C6F0E2B7CE5DD00A80550 /* Assets.xcassets */ = {isa = PBXFileReference; lastKnownFileType = folder.assetcatalog; path = Assets.xcassets; sourceTree = "<group>"; };
		5D2C6F112B7CE5DD00A80550 /* Preview Assets.xcassets */ = {isa = PBXFileReference; lastKnownFileType = folder.assetcatalog; path = "Preview Assets.xcassets"; sourceTree = "<group>"; };
		5D2C6F1C2B7CF70A00A80550 /* Post.swift */ = {isa = PBXFileReference; lastKnownFileType = sourcecode.swift; path = Post.swift; sourceTree = "<group>"; };
		5D2C6F202B7CFAD300A80550 /* GoogleService-Info.plist */ = {isa = PBXFileReference; fileEncoding = 4; lastKnownFileType = text.plist.xml; path = "GoogleService-Info.plist"; sourceTree = "<group>"; };
		5D2C6F322B7D181300A80550 /* NewPost.swift */ = {isa = PBXFileReference; lastKnownFileType = sourcecode.swift; path = NewPost.swift; sourceTree = "<group>"; };
		5D2C6F362B7E711700A80550 /* SignUpView */ = {isa = PBXFileReference; lastKnownFileType = text; path = SignUpView; sourceTree = "<group>"; };
		5D2C6F3A2B7E73A900A80550 /* InputView.swift */ = {isa = PBXFileReference; lastKnownFileType = sourcecode.swift; path = InputView.swift; sourceTree = "<group>"; };
		5D2C6F3C2B7E75FF00A80550 /* LoginView.swift */ = {isa = PBXFileReference; lastKnownFileType = sourcecode.swift; path = LoginView.swift; sourceTree = "<group>"; };
		5D2C6F3E2B7E7F4A00A80550 /* SignUpView.swift */ = {isa = PBXFileReference; lastKnownFileType = sourcecode.swift; path = SignUpView.swift; sourceTree = "<group>"; };
/* End PBXFileReference section */

/* Begin PBXFrameworksBuildPhase section */
		5D2C6F042B7CE5DA00A80550 /* Frameworks */ = {
			isa = PBXFrameworksBuildPhase;
			buildActionMask = 2147483647;
			files = (
				5D2C6F282B7CFBA300A80550 /* FirebaseAnalyticsSwift in Frameworks */,
				5D2C6F242B7CFBA300A80550 /* FirebaseAnalytics in Frameworks */,
				5D2C6F262B7CFBA300A80550 /* FirebaseAnalyticsOnDeviceConversion in Frameworks */,
				5D2C6F312B7D038500A80550 /* FirebaseFirestoreSwift in Frameworks */,
				5D2C6F2C2B7CFBA300A80550 /* FirebaseAppCheck in Frameworks */,
				5D2C6F2A2B7CFBA300A80550 /* FirebaseAnalyticsWithoutAdIdSupport in Frameworks */,
				5D2C6F2F2B7CFD7A00A80550 /* FirebaseFirestore in Frameworks */,
				5D2C6F392B7E727800A80550 /* FirebaseAuth in Frameworks */,
			);
			runOnlyForDeploymentPostprocessing = 0;
		};
/* End PBXFrameworksBuildPhase section */

/* Begin PBXGroup section */
		5D2C6EFE2B7CE5DA00A80550 = {
			isa = PBXGroup;
			children = (
				5D2C6F092B7CE5DA00A80550 /* 575 */,
				5D2C6F082B7CE5DA00A80550 /* Products */,
				5D2C6F2D2B7CFD7A00A80550 /* Frameworks */,
			);
			sourceTree = "<group>";
		};
		5D2C6F082B7CE5DA00A80550 /* Products */ = {
			isa = PBXGroup;
			children = (
				5D2C6F072B7CE5DA00A80550 /* 575.app */,
			);
			name = Products;
			sourceTree = "<group>";
		};
		5D2C6F092B7CE5DA00A80550 /* 575 */ = {
			isa = PBXGroup;
			children = (
				5D2C6F202B7CFAD300A80550 /* GoogleService-Info.plist */,
				5D2C6F0A2B7CE5DA00A80550 /* _75App.swift */,
				5D2C6F1C2B7CF70A00A80550 /* Post.swift */,
				5D2C6F322B7D181300A80550 /* NewPost.swift */,
				5D2C6F362B7E711700A80550 /* SignUpView */,
				5D2C6F3C2B7E75FF00A80550 /* LoginView.swift */,
				5D2C6F3A2B7E73A900A80550 /* InputView.swift */,
				5D2C6F0C2B7CE5DA00A80550 /* ContentView.swift */,
				5D2C6F3E2B7E7F4A00A80550 /* SignUpView.swift */,
				5D2C6F0E2B7CE5DD00A80550 /* Assets.xcassets */,
				5D2C6F102B7CE5DD00A80550 /* Preview Content */,
			);
			path = 575;
			sourceTree = "<group>";
		};
		5D2C6F102B7CE5DD00A80550 /* Preview Content */ = {
			isa = PBXGroup;
			children = (
				5D2C6F112B7CE5DD00A80550 /* Preview Assets.xcassets */,
			);
			path = "Preview Content";
			sourceTree = "<group>";
		};
		5D2C6F2D2B7CFD7A00A80550 /* Frameworks */ = {
			isa = PBXGroup;
			children = (
			);
			name = Frameworks;
			sourceTree = "<group>";
		};
/* End PBXGroup section */

/* Begin PBXNativeTarget section */
		5D2C6F062B7CE5DA00A80550 /* 575 */ = {
			isa = PBXNativeTarget;
			buildConfigurationList = 5D2C6F152B7CE5DD00A80550 /* Build configuration list for PBXNativeTarget "575" */;
			buildPhases = (
				5D2C6F032B7CE5DA00A80550 /* Sources */,
				5D2C6F042B7CE5DA00A80550 /* Frameworks */,
				5D2C6F052B7CE5DA00A80550 /* Resources */,
			);
			buildRules = (
			);
			dependencies = (
			);
			name = 575;
			packageProductDependencies = (
				5D2C6F232B7CFBA300A80550 /* FirebaseAnalytics */,
				5D2C6F252B7CFBA300A80550 /* FirebaseAnalyticsOnDeviceConversion */,
				5D2C6F272B7CFBA300A80550 /* FirebaseAnalyticsSwift */,
				5D2C6F292B7CFBA300A80550 /* FirebaseAnalyticsWithoutAdIdSupport */,
				5D2C6F2B2B7CFBA300A80550 /* FirebaseAppCheck */,
				5D2C6F2E2B7CFD7A00A80550 /* FirebaseFirestore */,
				5D2C6F302B7D038500A80550 /* FirebaseFirestoreSwift */,
				5D2C6F382B7E727800A80550 /* FirebaseAuth */,
			);
			productName = 575;
			productReference = 5D2C6F072B7CE5DA00A80550 /* 575.app */;
			productType = "com.apple.product-type.application";
		};
/* End PBXNativeTarget section */

/* Begin PBXProject section */
		5D2C6EFF2B7CE5DA00A80550 /* Project object */ = {
			isa = PBXProject;
			attributes = {
				BuildIndependentTargetsInParallel = 1;
				LastSwiftUpdateCheck = 1520;
				LastUpgradeCheck = 1520;
				TargetAttributes = {
					5D2C6F062B7CE5DA00A80550 = {
						CreatedOnToolsVersion = 15.2;
					};
				};
			};
			buildConfigurationList = 5D2C6F022B7CE5DA00A80550 /* Build configuration list for PBXProject "575" */;
			compatibilityVersion = "Xcode 14.0";
			developmentRegion = en;
			hasScannedForEncodings = 0;
			knownRegions = (
				en,
				Base,
			);
			mainGroup = 5D2C6EFE2B7CE5DA00A80550;
			packageReferences = (
				5D2C6F222B7CFBA200A80550 /* XCRemoteSwiftPackageReference "firebase-ios-sdk" */,
			);
			productRefGroup = 5D2C6F082B7CE5DA00A80550 /* Products */;
			projectDirPath = "";
			projectRoot = "";
			targets = (
				5D2C6F062B7CE5DA00A80550 /* 575 */,
			);
		};
/* End PBXProject section */

/* Begin PBXResourcesBuildPhase section */
		5D2C6F052B7CE5DA00A80550 /* Resources */ = {
			isa = PBXResourcesBuildPhase;
			buildActionMask = 2147483647;
			files = (
				5D2C6F122B7CE5DD00A80550 /* Preview Assets.xcassets in Resources */,
				5D2C6F0F2B7CE5DD00A80550 /* Assets.xcassets in Resources */,
				5D2C6F212B7CFAD400A80550 /* GoogleService-Info.plist in Resources */,
			);
			runOnlyForDeploymentPostprocessing = 0;
		};
/* End PBXResourcesBuildPhase section */

/* Begin PBXSourcesBuildPhase section */
		5D2C6F032B7CE5DA00A80550 /* Sources */ = {
			isa = PBXSourcesBuildPhase;
			buildActionMask = 2147483647;
			files = (
				5D2C6F332B7D181300A80550 /* NewPost.swift in Sources */,
				5D2C6F3D2B7E75FF00A80550 /* LoginView.swift in Sources */,
				5D2C6F0D2B7CE5DA00A80550 /* ContentView.swift in Sources */,
				5D2C6F0B2B7CE5DA00A80550 /* _75App.swift in Sources */,
				5D2C6F3F2B7E7F4A00A80550 /* SignUpView.swift in Sources */,
				5D2C6F3B2B7E73A900A80550 /* InputView.swift in Sources */,
				5D2C6F1D2B7CF70A00A80550 /* Post.swift in Sources */,
				5D2C6F372B7E711700A80550 /* SignUpView in Sources */,
			);
			runOnlyForDeploymentPostprocessing = 0;
		};
/* End PBXSourcesBuildPhase section */

/* Begin XCBuildConfiguration section */
		5D2C6F132B7CE5DD00A80550 /* Debug */ = {
			isa = XCBuildConfiguration;
			buildSettings = {
				ALWAYS_SEARCH_USER_PATHS = NO;
				ASSETCATALOG_COMPILER_GENERATE_SWIFT_ASSET_SYMBOL_EXTENSIONS = YES;
				CLANG_ANALYZER_NONNULL = YES;
				CLANG_ANALYZER_NUMBER_OBJECT_CONVERSION = YES_AGGRESSIVE;
				CLANG_CXX_LANGUAGE_STANDARD = "gnu++20";
				CLANG_ENABLE_MODULES = YES;
				CLANG_ENABLE_OBJC_ARC = YES;
				CLANG_ENABLE_OBJC_WEAK = YES;
				CLANG_WARN_BLOCK_CAPTURE_AUTORELEASING = YES;
				CLANG_WARN_BOOL_CONVERSION = YES;
				CLANG_WARN_COMMA = YES;
				CLANG_WARN_CONSTANT_CONVERSION = YES;
				CLANG_WARN_DEPRECATED_OBJC_IMPLEMENTATIONS = YES;
				CLANG_WARN_DIRECT_OBJC_ISA_USAGE = YES_ERROR;
				CLANG_WARN_DOCUMENTATION_COMMENTS = YES;
				CLANG_WARN_EMPTY_BODY = YES;
				CLANG_WARN_ENUM_CONVERSION = YES;
				CLANG_WARN_INFINITE_RECURSION = YES;
				CLANG_WARN_INT_CONVERSION = YES;
				CLANG_WARN_NON_LITERAL_NULL_CONVERSION = YES;
				CLANG_WARN_OBJC_IMPLICIT_RETAIN_SELF = YES;
				CLANG_WARN_OBJC_LITERAL_CONVERSION = YES;
				CLANG_WARN_OBJC_ROOT_CLASS = YES_ERROR;
				CLANG_WARN_QUOTED_INCLUDE_IN_FRAMEWORK_HEADER = YES;
				CLANG_WARN_RANGE_LOOP_ANALYSIS = YES;
				CLANG_WARN_STRICT_PROTOTYPES = YES;
				CLANG_WARN_SUSPICIOUS_MOVE = YES;
				CLANG_WARN_UNGUARDED_AVAILABILITY = YES_AGGRESSIVE;
				CLANG_WARN_UNREACHABLE_CODE = YES;
				CLANG_WARN__DUPLICATE_METHOD_MATCH = YES;
				COPY_PHASE_STRIP = NO;
				DEBUG_INFORMATION_FORMAT = dwarf;
				ENABLE_STRICT_OBJC_MSGSEND = YES;
				ENABLE_TESTABILITY = YES;
				ENABLE_USER_SCRIPT_SANDBOXING = YES;
				GCC_C_LANGUAGE_STANDARD = gnu17;
				GCC_DYNAMIC_NO_PIC = NO;
				GCC_NO_COMMON_BLOCKS = YES;
				GCC_OPTIMIZATION_LEVEL = 0;
				GCC_PREPROCESSOR_DEFINITIONS = (
					"DEBUG=1",
					"$(inherited)",
				);
				GCC_WARN_64_TO_32_BIT_CONVERSION = YES;
				GCC_WARN_ABOUT_RETURN_TYPE = YES_ERROR;
				GCC_WARN_UNDECLARED_SELECTOR = YES;
				GCC_WARN_UNINITIALIZED_AUTOS = YES_AGGRESSIVE;
				GCC_WARN_UNUSED_FUNCTION = YES;
				GCC_WARN_UNUSED_VARIABLE = YES;
				IPHONEOS_DEPLOYMENT_TARGET = 17.2;
				LOCALIZATION_PREFERS_STRING_CATALOGS = YES;
				MTL_ENABLE_DEBUG_INFO = INCLUDE_SOURCE;
				MTL_FAST_MATH = YES;
				ONLY_ACTIVE_ARCH = YES;
				SDKROOT = iphoneos;
				SWIFT_ACTIVE_COMPILATION_CONDITIONS = "DEBUG $(inherited)";
				SWIFT_OPTIMIZATION_LEVEL = "-Onone";
			};
			name = Debug;
		};
		5D2C6F142B7CE5DD00A80550 /* Release */ = {
			isa = XCBuildConfiguration;
			buildSettings = {
				ALWAYS_SEARCH_USER_PATHS = NO;
				ASSETCATALOG_COMPILER_GENERATE_SWIFT_ASSET_SYMBOL_EXTENSIONS = YES;
				CLANG_ANALYZER_NONNULL = YES;
				CLANG_ANALYZER_NUMBER_OBJECT_CONVERSION = YES_AGGRESSIVE;
				CLANG_CXX_LANGUAGE_STANDARD = "gnu++20";
				CLANG_ENABLE_MODULES = YES;
				CLANG_ENABLE_OBJC_ARC = YES;
				CLANG_ENABLE_OBJC_WEAK = YES;
				CLANG_WARN_BLOCK_CAPTURE_AUTORELEASING = YES;
				CLANG_WARN_BOOL_CONVERSION = YES;
				CLANG_WARN_COMMA = YES;
				CLANG_WARN_CONSTANT_CONVERSION = YES;
				CLANG_WARN_DEPRECATED_OBJC_IMPLEMENTATIONS = YES;
				CLANG_WARN_DIRECT_OBJC_ISA_USAGE = YES_ERROR;
				CLANG_WARN_DOCUMENTATION_COMMENTS = YES;
				CLANG_WARN_EMPTY_BODY = YES;
				CLANG_WARN_ENUM_CONVERSION = YES;
				CLANG_WARN_INFINITE_RECURSION = YES;
				CLANG_WARN_INT_CONVERSION = YES;
				CLANG_WARN_NON_LITERAL_NULL_CONVERSION = YES;
				CLANG_WARN_OBJC_IMPLICIT_RETAIN_SELF = YES;
				CLANG_WARN_OBJC_LITERAL_CONVERSION = YES;
				CLANG_WARN_OBJC_ROOT_CLASS = YES_ERROR;
				CLANG_WARN_QUOTED_INCLUDE_IN_FRAMEWORK_HEADER = YES;
				CLANG_WARN_RANGE_LOOP_ANALYSIS = YES;
				CLANG_WARN_STRICT_PROTOTYPES = YES;
				CLANG_WARN_SUSPICIOUS_MOVE = YES;
				CLANG_WARN_UNGUARDED_AVAILABILITY = YES_AGGRESSIVE;
				CLANG_WARN_UNREACHABLE_CODE = YES;
				CLANG_WARN__DUPLICATE_METHOD_MATCH = YES;
				COPY_PHASE_STRIP = NO;
				DEBUG_INFORMATION_FORMAT = "dwarf-with-dsym";
				ENABLE_NS_ASSERTIONS = NO;
				ENABLE_STRICT_OBJC_MSGSEND = YES;
				ENABLE_USER_SCRIPT_SANDBOXING = YES;
				GCC_C_LANGUAGE_STANDARD = gnu17;
				GCC_NO_COMMON_BLOCKS = YES;
				GCC_WARN_64_TO_32_BIT_CONVERSION = YES;
				GCC_WARN_ABOUT_RETURN_TYPE = YES_ERROR;
				GCC_WARN_UNDECLARED_SELECTOR = YES;
				GCC_WARN_UNINITIALIZED_AUTOS = YES_AGGRESSIVE;
				GCC_WARN_UNUSED_FUNCTION = YES;
				GCC_WARN_UNUSED_VARIABLE = YES;
				IPHONEOS_DEPLOYMENT_TARGET = 17.2;
				LOCALIZATION_PREFERS_STRING_CATALOGS = YES;
				MTL_ENABLE_DEBUG_INFO = NO;
				MTL_FAST_MATH = YES;
				SDKROOT = iphoneos;
				SWIFT_COMPILATION_MODE = wholemodule;
				VALIDATE_PRODUCT = YES;
			};
			name = Release;
		};
		5D2C6F162B7CE5DD00A80550 /* Debug */ = {
			isa = XCBuildConfiguration;
			buildSettings = {
				ASSETCATALOG_COMPILER_APPICON_NAME = AppIcon;
				ASSETCATALOG_COMPILER_GLOBAL_ACCENT_COLOR_NAME = AccentColor;
				CODE_SIGN_STYLE = Automatic;
				CURRENT_PROJECT_VERSION = 1;
				DEVELOPMENT_ASSET_PATHS = "\"575/Preview Content\"";
				DEVELOPMENT_TEAM = FP3A8PK5GK;
				ENABLE_PREVIEWS = YES;
				GENERATE_INFOPLIST_FILE = YES;
				INFOPLIST_KEY_UIApplicationSceneManifest_Generation = YES;
				INFOPLIST_KEY_UIApplicationSupportsIndirectInputEvents = YES;
				INFOPLIST_KEY_UILaunchScreen_Generation = YES;
				INFOPLIST_KEY_UISupportedInterfaceOrientations_iPad = "UIInterfaceOrientationPortrait UIInterfaceOrientationPortraitUpsideDown UIInterfaceOrientationLandscapeLeft UIInterfaceOrientationLandscapeRight";
				INFOPLIST_KEY_UISupportedInterfaceOrientations_iPhone = "UIInterfaceOrientationPortrait UIInterfaceOrientationLandscapeLeft UIInterfaceOrientationLandscapeRight";
				LD_RUNPATH_SEARCH_PATHS = (
					"$(inherited)",
					"@executable_path/Frameworks",
				);
				MARKETING_VERSION = 1.0;
				PRODUCT_BUNDLE_IDENTIFIER = "com.example.ynishimi.-75";
				PRODUCT_NAME = "$(TARGET_NAME)";
				SWIFT_EMIT_LOC_STRINGS = YES;
				SWIFT_VERSION = 5.0;
				TARGETED_DEVICE_FAMILY = "1,2";
			};
			name = Debug;
		};
		5D2C6F172B7CE5DD00A80550 /* Release */ = {
			isa = XCBuildConfiguration;
			buildSettings = {
				ASSETCATALOG_COMPILER_APPICON_NAME = AppIcon;
				ASSETCATALOG_COMPILER_GLOBAL_ACCENT_COLOR_NAME = AccentColor;
				CODE_SIGN_STYLE = Automatic;
				CURRENT_PROJECT_VERSION = 1;
				DEVELOPMENT_ASSET_PATHS = "\"575/Preview Content\"";
				DEVELOPMENT_TEAM = FP3A8PK5GK;
				ENABLE_PREVIEWS = YES;
				GENERATE_INFOPLIST_FILE = YES;
				INFOPLIST_KEY_UIApplicationSceneManifest_Generation = YES;
				INFOPLIST_KEY_UIApplicationSupportsIndirectInputEvents = YES;
				INFOPLIST_KEY_UILaunchScreen_Generation = YES;
				INFOPLIST_KEY_UISupportedInterfaceOrientations_iPad = "UIInterfaceOrientationPortrait UIInterfaceOrientationPortraitUpsideDown UIInterfaceOrientationLandscapeLeft UIInterfaceOrientationLandscapeRight";
				INFOPLIST_KEY_UISupportedInterfaceOrientations_iPhone = "UIInterfaceOrientationPortrait UIInterfaceOrientationLandscapeLeft UIInterfaceOrientationLandscapeRight";
				LD_RUNPATH_SEARCH_PATHS = (
					"$(inherited)",
					"@executable_path/Frameworks",
				);
				MARKETING_VERSION = 1.0;
				PRODUCT_BUNDLE_IDENTIFIER = "com.example.ynishimi.-75";
				PRODUCT_NAME = "$(TARGET_NAME)";
				SWIFT_EMIT_LOC_STRINGS = YES;
				SWIFT_VERSION = 5.0;
				TARGETED_DEVICE_FAMILY = "1,2";
			};
			name = Release;
		};
/* End XCBuildConfiguration section */

/* Begin XCConfigurationList section */
		5D2C6F022B7CE5DA00A80550 /* Build configuration list for PBXProject "575" */ = {
			isa = XCConfigurationList;
			buildConfigurations = (
				5D2C6F132B7CE5DD00A80550 /* Debug */,
				5D2C6F142B7CE5DD00A80550 /* Release */,
			);
			defaultConfigurationIsVisible = 0;
			defaultConfigurationName = Release;
		};
		5D2C6F152B7CE5DD00A80550 /* Build configuration list for PBXNativeTarget "575" */ = {
			isa = XCConfigurationList;
			buildConfigurations = (
				5D2C6F162B7CE5DD00A80550 /* Debug */,
				5D2C6F172B7CE5DD00A80550 /* Release */,
			);
			defaultConfigurationIsVisible = 0;
			defaultConfigurationName = Release;
		};
/* End XCConfigurationList section */

/* Begin XCRemoteSwiftPackageReference section */
		5D2C6F222B7CFBA200A80550 /* XCRemoteSwiftPackageReference "firebase-ios-sdk" */ = {
			isa = XCRemoteSwiftPackageReference;
			repositoryURL = "https://github.com/firebase/firebase-ios-sdk";
			requirement = {
				kind = upToNextMajorVersion;
				minimumVersion = 10.21.0;
			};
		};
/* End XCRemoteSwiftPackageReference section */

/* Begin XCSwiftPackageProductDependency section */
		5D2C6F232B7CFBA300A80550 /* FirebaseAnalytics */ = {
			isa = XCSwiftPackageProductDependency;
			package = 5D2C6F222B7CFBA200A80550 /* XCRemoteSwiftPackageReference "firebase-ios-sdk" */;
			productName = FirebaseAnalytics;
		};
		5D2C6F252B7CFBA300A80550 /* FirebaseAnalyticsOnDeviceConversion */ = {
			isa = XCSwiftPackageProductDependency;
			package = 5D2C6F222B7CFBA200A80550 /* XCRemoteSwiftPackageReference "firebase-ios-sdk" */;
			productName = FirebaseAnalyticsOnDeviceConversion;
		};
		5D2C6F272B7CFBA300A80550 /* FirebaseAnalyticsSwift */ = {
			isa = XCSwiftPackageProductDependency;
			package = 5D2C6F222B7CFBA200A80550 /* XCRemoteSwiftPackageReference "firebase-ios-sdk" */;
			productName = FirebaseAnalyticsSwift;
		};
		5D2C6F292B7CFBA300A80550 /* FirebaseAnalyticsWithoutAdIdSupport */ = {
			isa = XCSwiftPackageProductDependency;
			package = 5D2C6F222B7CFBA200A80550 /* XCRemoteSwiftPackageReference "firebase-ios-sdk" */;
			productName = FirebaseAnalyticsWithoutAdIdSupport;
		};
		5D2C6F2B2B7CFBA300A80550 /* FirebaseAppCheck */ = {
			isa = XCSwiftPackageProductDependency;
			package = 5D2C6F222B7CFBA200A80550 /* XCRemoteSwiftPackageReference "firebase-ios-sdk" */;
			productName = FirebaseAppCheck;
		};
		5D2C6F2E2B7CFD7A00A80550 /* FirebaseFirestore */ = {
			isa = XCSwiftPackageProductDependency;
			package = 5D2C6F222B7CFBA200A80550 /* XCRemoteSwiftPackageReference "firebase-ios-sdk" */;
			productName = FirebaseFirestore;
		};
		5D2C6F302B7D038500A80550 /* FirebaseFirestoreSwift */ = {
			isa = XCSwiftPackageProductDependency;
			package = 5D2C6F222B7CFBA200A80550 /* XCRemoteSwiftPackageReference "firebase-ios-sdk" */;
			productName = FirebaseFirestoreSwift;
		};
		5D2C6F382B7E727800A80550 /* FirebaseAuth */ = {
			isa = XCSwiftPackageProductDependency;
			package = 5D2C6F222B7CFBA200A80550 /* XCRemoteSwiftPackageReference "firebase-ios-sdk" */;
			productName = FirebaseAuth;
		};
/* End XCSwiftPackageProductDependency section */
	};
	rootObject = 5D2C6EFF2B7CE5DA00A80550 /* Project object */;
}
